---
label: 3 Icon Block
hide_body: true
fields:
- name: background_color
  type: select
  default: []
  config:
    required: false
    options:
    - white
    - gray
    - lighter-blue
    source:
      type: simple
      section: 
      file: 
      path: 
  label: Background color
- name: icons
  type: field_group_list
  fields:
  - name: icon
    type: file
    config:
      maxSize: 64
    label: Icon
  - name: title
    type: text
    config:
      required: true
    label: Title
  - name: description
    type: text
    config:
      required: false
    label: Description
  config:
    min: 
    max: 
    labelField: 
  label: Icons
