---
label: Review + Benefits Block
hide_body: true
fields:
- name: benefits
  type: field_group
  config: {}
  fields:
  - name: title
    type: text
    config:
      required: true
    label: Title
  - name: bullet_points
    type: field_group_list
    fields:
    - name: icon
      type: file
      config:
        maxSize: 64
      label: Icon
    - name: description
      type: text
      config:
        required: false
      label: Description
    config:
      min: 
      max: 3
      labelField: 
    label: Bullet points
  label: Benefits
- name: review
  type: field_group
  config: {}
  fields:
  - name: review_text
    type: textarea
    default: ''
    config:
      required: true
      wysiwyg: true
      schema:
        format: markdown
    label: Review text
  - name: reviewer_name_position
    type: text
    config:
      required: true
    label: Name, position of the reviewer
    description: 'e.g.: – Brandon Baker, VP at FreshForm'
  - name: review_logo
    type: file
    config:
      maxSize: 64
    label: Logo
  - name: photo
    type: file
    config:
      maxSize: 64
    label: Photo
  label: Review
